
Microsoft Visual Studio Solution File, Format Version 12.00
# Visual Studio Version 16
VisualStudioVersion = 16.0.29613.14
MinimumVisualStudioVersion = 10.0.40219.1
Project("{FAE04EC0-301F-11D3-BF4B-00C04F79EFBC}") = "BackgroundWorker", "BackgroundWorker.csproj", "{2521ECC2-10E5-43BB-9E08-89F19F78A7CB}"
EndProject
Global
	GlobalSection(SolutionConfigurationPlatforms) = preSolution
		Debug|Any CPU = Debug|Any CPU
		Release|Any CPU = Release|Any CPU
	EndGlobalSection
	GlobalSection(ProjectConfigurationPlatforms) = postSolution
		{2521ECC2-10E5-43BB-9E08-89F19F78A7CB}.Debug|Any CPU.ActiveCfg = Debug|Any CPU
		{2521ECC2-10E5-43BB-9E08-89F19F78A7CB}.Debug|Any CPU.Build.0 = Debug|Any CPU
		{2521ECC2-10E5-43BB-9E08-89F19F78A7CB}.Release|Any CPU.ActiveCfg = Release|Any CPU
		{2521ECC2-10E5-43BB-9E08-89F19F78A7CB}.Release|Any CPU.Build.0 = Release|Any CPU
	EndGlobalSection
	GlobalSection(SolutionProperties) = preSolution
		HideSolutionNode = FALSE
	EndGlobalSection
	GlobalSection(ExtensibilityGlobals) = postSolution
		SolutionGuid = {D545EEC4-6EE9-46F0-85DB-E946E0CA9AF7}
	EndGlobalSection
EndGlobal
